
Microsoft Visual Studio Solution File, Format Version 12.00
# Visual Studio Version 16
VisualStudioVersion = 16.0.30717.126
MinimumVisualStudioVersion = 10.0.40219.1
Project("{8BC9CEB8-8B4A-11D0-8D11-00A0C91BC942}") = "01 hello word！", "Project1.vcxproj", "{4491245D-F5C3-4C52-8F57-459317FE1DB5}"
EndProject
Project("{8BC9CEB8-8B4A-11D0-8D11-00A0C91BC942}") = "02 快捷键", "..\02 int char\02 int char.vcxproj", "{9DD818F1-F7BA-427F-AAAB-A7473FB4EC95}"
EndProject
Project("{8BC9CEB8-8B4A-11D0-8D11-00A0C91BC942}") = "03 C4996错误", "..\03 C4996错误\03 C4996错误.vcxproj", "{908EE133-3CBE-49AD-95EC-2D4A98C78F8A}"
EndProject
Project("{8BC9CEB8-8B4A-11D0-8D11-00A0C91BC942}") = "04 代码片段配置", "..\04 代码片段配置\04 代码片段配置.vcxproj", "{9A8FB8EB-6B84-42E4-89D2-EA5167BEE284}"
EndProject
Project("{8BC9CEB8-8B4A-11D0-8D11-00A0C91BC942}") = "05命令行参数", "..\05命令行参数\05命令行参数.vcxproj", "{547213B5-C98E-4FE5-96A1-D3688B81D133}"
EndProject
Project("{8BC9CEB8-8B4A-11D0-8D11-00A0C91BC942}") = "06 转义字符", "..\06 转义字符\06 转义字符.vcxproj", "{4948C28D-8FE3-4DC9-8FAE-425485641E42}"
EndProject
Project("{8BC9CEB8-8B4A-11D0-8D11-00A0C91BC942}") = "07 变量", "..\07 变量\07 变量.vcxproj", "{345BC302-04F3-41EF-B55B-AEADB22292F1}"
EndProject
Project("{8BC9CEB8-8B4A-11D0-8D11-00A0C91BC942}") = "08 常量", "..\08 常量\08 常量.vcxproj", "{616FAE94-FB12-4EDD-8CF4-286F3D163D55}"
EndProject
Project("{8BC9CEB8-8B4A-11D0-8D11-00A0C91BC942}") = "09 关键字", "..\09 关键字\09 关键字.vcxproj", "{54F84151-74A8-45B6-8D48-9096EC768F83}"
EndProject
Project("{8BC9CEB8-8B4A-11D0-8D11-00A0C91BC942}") = "10 数据类型", "..\10 数据类型\10 数据类型.vcxproj", "{428E3CFF-9922-46A3-BB6E-A4AD4EED8D3D}"
EndProject
Project("{8BC9CEB8-8B4A-11D0-8D11-00A0C91BC942}") = "11 sizeof", "..\11 sizeof\11 sizeof.vcxproj", "{20177249-B734-4F68-B5FC-CF1F5AFBA7A5}"
EndProject
Project("{8BC9CEB8-8B4A-11D0-8D11-00A0C91BC942}") = "12 字符型", "..\12 字符型\12 字符型.vcxproj", "{FC4388A0-1012-45A1-ABB9-8204BED010B2}"
EndProject
Project("{8BC9CEB8-8B4A-11D0-8D11-00A0C91BC942}") = "13 浮点型", "..\13 浮点型\13 浮点型.vcxproj", "{AC09A91D-A009-4BA3-A357-270CF43244CD}"
EndProject
Project("{8BC9CEB8-8B4A-11D0-8D11-00A0C91BC942}") = "14 字符串", "..\14 字符串\14 字符串.vcxproj", "{A0BF7F89-96B5-4799-9CC0-A8D5D10EF08B}"
EndProject
Project("{8BC9CEB8-8B4A-11D0-8D11-00A0C91BC942}") = "15 scanf()", "..\15 数据输入\15 数据输入.vcxproj", "{250CD49F-3A93-4A9E-B15A-6B36A56D2034}"
EndProject
Project("{8BC9CEB8-8B4A-11D0-8D11-00A0C91BC942}") = "16 printf()", "..\16 printf()\16 printf().vcxproj", "{454A2550-DB88-4B74-A0DF-D656E4EBE909}"
EndProject
Project("{8BC9CEB8-8B4A-11D0-8D11-00A0C91BC942}") = "17 数据存储", "..\17 数据存储\17 数据存储.vcxproj", "{81DEFACC-F086-4A14-9A48-927E76177FB0}"
EndProject
Project("{8BC9CEB8-8B4A-11D0-8D11-00A0C91BC942}") = "18 类型限定符", "..\18 类型限定符\18 类型限定符.vcxproj", "{2842AB0E-28D4-48CD-A45F-AD9216128E66}"
EndProject
Project("{8BC9CEB8-8B4A-11D0-8D11-00A0C91BC942}") = "19 算术运算符", "..\19 算术运算符\19 算术运算符.vcxproj", "{F069E8B3-0E63-4C4B-B7EB-AC92D3DAD7D0}"
EndProject
Project("{8BC9CEB8-8B4A-11D0-8D11-00A0C91BC942}") = "20 赋值、比较运算符", "..\20 赋值运算符\20 赋值运算符.vcxproj", "{12236378-5DC9-4358-97EE-8DC752ECCE1D}"
EndProject
Project("{8BC9CEB8-8B4A-11D0-8D11-00A0C91BC942}") = "21 l逻辑运算符", "..\21 比较运算符\21 比较运算符.vcxproj", "{05E8E980-DB6B-428A-818A-DDF3D439F642}"
EndProject
Project("{8BC9CEB8-8B4A-11D0-8D11-00A0C91BC942}") = "22 类型转换", "..\22 类型转换\22 类型转换.vcxproj", "{4C29A55D-6031-4BD9-899D-B1C2FB8A392A}"
EndProject
Project("{8BC9CEB8-8B4A-11D0-8D11-00A0C91BC942}") = "23 选择结构", "..\23  if语句\23  if语句.vcxproj", "{F930F261-6E25-43DC-AEBF-71CB4C0C4A86}"
EndProject
Project("{8BC9CEB8-8B4A-11D0-8D11-00A0C91BC942}") = "24 循环结构", "..\24 while循环\24 while循环.vcxproj", "{BD9F1E6C-7BBF-43C5-A5CA-8448D216EBC8}"
EndProject
Project("{8BC9CEB8-8B4A-11D0-8D11-00A0C91BC942}") = "26 跳转语句", "..\26 跳转语句\26 跳转语句.vcxproj", "{13BD7A8A-E37A-466F-B91C-9E8DD12BC4BD}"
EndProject
Project("{8BC9CEB8-8B4A-11D0-8D11-00A0C91BC942}") = "27 一维数组", "..\27 数组\27 数组.vcxproj", "{04EC98D1-11C6-4A0D-B074-4D7575EB08A7}"
EndProject
Project("{8BC9CEB8-8B4A-11D0-8D11-00A0C91BC942}") = "28 冒泡排序", "..\28 冒泡排序\28 冒泡排序.vcxproj", "{658B200D-D0A1-4D98-B61E-1687557EB13C}"
EndProject
Project("{8BC9CEB8-8B4A-11D0-8D11-00A0C91BC942}") = "29  二维数组", "..\29  二维数组\29  二维数组.vcxproj", "{C451720F-AC7A-4E4F-9887-18025520A5EA}"
EndProject
Project("{8BC9CEB8-8B4A-11D0-8D11-00A0C91BC942}") = "30 字符数组", "..\30 字符数组\30 字符数组.vcxproj", "{02327471-B6C0-4FB7-9AAF-68FF9CF73611}"
EndProject
Project("{8BC9CEB8-8B4A-11D0-8D11-00A0C91BC942}") = "31 函数定义与调用", "..\31 函数\31 函数.vcxproj", "{BEFCD8A5-BEE7-4D02-B2EE-2670BB1AF21E}"
EndProject
Project("{8BC9CEB8-8B4A-11D0-8D11-00A0C91BC942}") = "32 随机数函数", "..\32 函数样式\32 函数样式.vcxproj", "{FB413B6B-5A96-4A55-BC4A-7C5734FB0F10}"
EndProject
Project("{8BC9CEB8-8B4A-11D0-8D11-00A0C91BC942}") = "33 打字游戏", "..\33 打字游戏\33 打字游戏.vcxproj", "{45C92DD5-942D-4E88-A29F-5E8C15334228}"
EndProject
Project("{8BC9CEB8-8B4A-11D0-8D11-00A0C91BC942}") = "34 函数分文件编写", "..\34 分文件编写\34 分文件编写.vcxproj", "{6D4A50ED-61A2-4CA5-883F-19CC8EEE2856}"
EndProject
Project("{8BC9CEB8-8B4A-11D0-8D11-00A0C91BC942}") = "35 exit和return", "..\35 exit和return\35 exit和return.vcxproj", "{8273B5BA-091C-42BD-A35B-2432CE3AC52E}"
EndProject
Project("{8BC9CEB8-8B4A-11D0-8D11-00A0C91BC942}") = "36 指针", "..\36 指针\36 指针.vcxproj", "{70F93676-EDBC-47C4-A740-D4D7B804092F}"
EndProject
Project("{8BC9CEB8-8B4A-11D0-8D11-00A0C91BC942}") = "37 空指针和野指针", "..\37 空指针和野指针\37 空指针和野指针.vcxproj", "{4136491D-9765-4F26-AB28-6714A6073EA9}"
EndProject
Project("{8BC9CEB8-8B4A-11D0-8D11-00A0C91BC942}") = "38 const修饰指针变量", "..\38 const修饰指针变量\38 const修饰指针变量.vcxproj", "{08287749-011C-4A87-A82B-8D7D9F295CAB}"
EndProject
Project("{8BC9CEB8-8B4A-11D0-8D11-00A0C91BC942}") = "39 不同指针类型的区别", "..\39 不同指针类型的区别\39 不同指针类型的区别.vcxproj", "{87D704F1-DCF3-4E5A-BFDC-38C167FC0ED0}"
EndProject
Project("{8BC9CEB8-8B4A-11D0-8D11-00A0C91BC942}") = "40 指针和数组混合使用", "..\40 指针和数组混合使用\40 指针和数组混合使用.vcxproj", "{13387470-39BD-4C3A-8BF1-57035B084E9C}"
EndProject
Project("{8BC9CEB8-8B4A-11D0-8D11-00A0C91BC942}") = "25 循环嵌套", "..\25 for循环\for循环.vcxproj", "{B6448941-317E-4A6F-A0FF-EC725DDCA5F4}"
EndProject
Project("{8BC9CEB8-8B4A-11D0-8D11-00A0C91BC942}") = "41 指针数组", "..\41 指针数组\41 指针数组.vcxproj", "{7C3E5147-AE1E-4091-B2CF-6601725F629A}"
EndProject
Project("{8BC9CEB8-8B4A-11D0-8D11-00A0C91BC942}") = "42 二级指针", "..\42 二级指针\42 二级指针.vcxproj", "{1B2B5374-2595-463E-82B3-3106380FE01F}"
EndProject
Project("{8BC9CEB8-8B4A-11D0-8D11-00A0C91BC942}") = "43 参数的传递方式", "..\43 参数的传递方式\43 参数的传递方式.vcxproj", "{E0165FCF-7474-4D8E-B791-25B16FB33A2E}"
EndProject
Project("{8BC9CEB8-8B4A-11D0-8D11-00A0C91BC942}") = "44 数组名做函数参数", "..\44 数组名做函数参数\44 数组名做函数参数.vcxproj", "{B4647C29-2C44-46D7-B59E-2C3572F8F9F0}"
EndProject
Project("{8BC9CEB8-8B4A-11D0-8D11-00A0C91BC942}") = "45 字符数组", "..\45 字符数组\45 字符数组.vcxproj", "{B1E872CB-AE2C-4E80-A7D9-F959ED3E9BF7}"
EndProject
Project("{8BC9CEB8-8B4A-11D0-8D11-00A0C91BC942}") = "46 指针和函数 冒泡排序", "..\46 指针做函数返回值\46 指针做函数返回值.vcxproj", "{1AD10F22-F927-4ACB-B508-4EF054500BF1}"
EndProject
Project("{8BC9CEB8-8B4A-11D0-8D11-00A0C91BC942}") = "47 字符数组 指针变量区别", "..\47 字符数组 指针变量区别\47 字符数组 指针变量区别.vcxproj", "{02F37B60-C6E0-489F-AD31-E635A15CE1FB}"
EndProject
Project("{8BC9CEB8-8B4A-11D0-8D11-00A0C91BC942}") = "48 字符串函数", "..\48 字符串函数\48 字符串函数.vcxproj", "{F01687A1-ABFA-4F69-947E-6C709D05B0F1}"
EndProject
Project("{8BC9CEB8-8B4A-11D0-8D11-00A0C91BC942}") = "49 作用域", "..\49 作用域\49 作用域.vcxproj", "{140B5477-78B7-46EB-93AB-ACDBF0015E17}"
EndProject
Project("{8BC9CEB8-8B4A-11D0-8D11-00A0C91BC942}") = "50 内存四区", "..\50 内存分区\50 内存分区.vcxproj", "{AAD62EA8-EAAD-4364-94C1-E180985C446C}"
EndProject
Project("{8BC9CEB8-8B4A-11D0-8D11-00A0C91BC942}") = "51 内存操作函数", "..\51 内存操作函数\51 内存操作函数.vcxproj", "{1C62B6B0-DA9E-4CA7-96A4-72C47368646A}"
EndProject
Project("{8BC9CEB8-8B4A-11D0-8D11-00A0C91BC942}") = "52 堆区应用案例_数组使用", "..\52 堆区应用案例_数组使用\52 堆区应用案例_数组使用.vcxproj", "{19F1517A-F5EF-488A-9E73-D0474A36F7AB}"
EndProject
Project("{8BC9CEB8-8B4A-11D0-8D11-00A0C91BC942}") = "53 结构体", "..\53 结构体\53 结构体.vcxproj", "{3CDE352A-F528-4FAD-97F1-2453502E15CE}"
EndProject
Project("{8BC9CEB8-8B4A-11D0-8D11-00A0C91BC942}") = "54 结构体与指针", "..\54 结构体与指针\54 结构体与指针.vcxproj", "{68129A6C-AA1D-484F-9AE4-B7467F63AAA1}"
EndProject
Project("{8BC9CEB8-8B4A-11D0-8D11-00A0C91BC942}") = "55 结构体成员带指针", "..\55 结构体成员带指针\55 结构体成员带指针.vcxproj", "{6D948E6A-0F7C-4334-95BD-A1C13C05B9F6}"
EndProject
Project("{8BC9CEB8-8B4A-11D0-8D11-00A0C91BC942}") = "56 结构体一级指针嵌套", "..\56 结构体一级指针嵌套\56 结构体一级指针嵌套.vcxproj", "{FB5F1618-69BC-4790-A95B-ACF6C97E0D9C}"
EndProject
Project("{8BC9CEB8-8B4A-11D0-8D11-00A0C91BC942}") = "57 联合体创建", "..\57 联合体创建\57 联合体创建.vcxproj", "{40CBA7EA-4AF5-4B38-BD2B-7C893D805A0F}"
EndProject
Project("{8BC9CEB8-8B4A-11D0-8D11-00A0C91BC942}") = "58 枚举", "..\58 枚举\58 枚举.vcxproj", "{28D9F2DA-F0CF-4BE6-8DF4-1BB43C448BCD}"
EndProject
Project("{8BC9CEB8-8B4A-11D0-8D11-00A0C91BC942}") = "59 typedef", "..\59 typedef\59 typedef.vcxproj", "{F3EA71C1-01F1-4953-BCC0-2ED9AB7981A3}"
EndProject
Project("{8BC9CEB8-8B4A-11D0-8D11-00A0C91BC942}") = "60 文件", "..\60 文件\60 文件.vcxproj", "{7C685FAD-5646-4DE8-87E6-49BD62690A99}"
EndProject
Project("{8BC9CEB8-8B4A-11D0-8D11-00A0C91BC942}") = "61 文件版四则运算", "..\61 文件版四则运算\61 文件版四则运算.vcxproj", "{0075C4E3-B5F4-413C-A935-A4F0CBEB1D19}"
EndProject
Project("{8BC9CEB8-8B4A-11D0-8D11-00A0C91BC942}") = "62 格式化文件读写", "..\62 格式化文件读写\62 格式化文件读写.vcxproj", "{122E5161-4384-4B94-AD54-64DBFA4FB6BA}"
EndProject
Project("{8BC9CEB8-8B4A-11D0-8D11-00A0C91BC942}") = "63 文件系统指针", "..\63 文件系统指针\63 文件系统指针.vcxproj", "{42924C29-4768-4F89-9F87-B3E1C3DDB7C8}"
EndProject
Project("{8BC9CEB8-8B4A-11D0-8D11-00A0C91BC942}") = "64 文件案例_记录比赛分数", "..\64 stat函数\64 stat函数.vcxproj", "{882995EF-FC69-4E8A-A028-92EE6DB9669B}"
EndProject
Project("{8BC9CEB8-8B4A-11D0-8D11-00A0C91BC942}") = "66 贪吃蛇", "..\66 贪吃蛇\66 贪吃蛇.vcxproj", "{F55CB1AA-2F00-4F69-9C93-803ED18009FF}"
EndProject
Project("{8BC9CEB8-8B4A-11D0-8D11-00A0C91BC942}") = "67 文件管理系统", "..\67 文件管理系统\67 文件管理系统.vcxproj", "{28C63DAE-EC8D-46C2-9E0E-7E6B1C229BBF}"
EndProject
Project("{8BC9CEB8-8B4A-11D0-8D11-00A0C91BC942}") = "00 test", "..\00 test\00 test.vcxproj", "{6946A73E-6EDE-4679-BA95-79FF7203A1E5}"
EndProject
Global
	GlobalSection(SolutionConfigurationPlatforms) = preSolution
		Debug|x64 = Debug|x64
		Debug|x86 = Debug|x86
		Release|x64 = Release|x64
		Release|x86 = Release|x86
	EndGlobalSection
	GlobalSection(ProjectConfigurationPlatforms) = postSolution
		{4491245D-F5C3-4C52-8F57-459317FE1DB5}.Debug|x64.ActiveCfg = Debug|x64
		{4491245D-F5C3-4C52-8F57-459317FE1DB5}.Debug|x64.Build.0 = Debug|x64
		{4491245D-F5C3-4C52-8F57-459317FE1DB5}.Debug|x86.ActiveCfg = Debug|Win32
		{4491245D-F5C3-4C52-8F57-459317FE1DB5}.Debug|x86.Build.0 = Debug|Win32
		{4491245D-F5C3-4C52-8F57-459317FE1DB5}.Release|x64.ActiveCfg = Release|x64
		{4491245D-F5C3-4C52-8F57-459317FE1DB5}.Release|x64.Build.0 = Release|x64
		{4491245D-F5C3-4C52-8F57-459317FE1DB5}.Release|x86.ActiveCfg = Release|Win32
		{4491245D-F5C3-4C52-8F57-459317FE1DB5}.Release|x86.Build.0 = Release|Win32
		{9DD818F1-F7BA-427F-AAAB-A7473FB4EC95}.Debug|x64.ActiveCfg = Debug|x64
		{9DD818F1-F7BA-427F-AAAB-A7473FB4EC95}.Debug|x64.Build.0 = Debug|x64
		{9DD818F1-F7BA-427F-AAAB-A7473FB4EC95}.Debug|x86.ActiveCfg = Debug|Win32
		{9DD818F1-F7BA-427F-AAAB-A7473FB4EC95}.Debug|x86.Build.0 = Debug|Win32
		{9DD818F1-F7BA-427F-AAAB-A7473FB4EC95}.Release|x64.ActiveCfg = Release|x64
		{9DD818F1-F7BA-427F-AAAB-A7473FB4EC95}.Release|x64.Build.0 = Release|x64
		{9DD818F1-F7BA-427F-AAAB-A7473FB4EC95}.Release|x86.ActiveCfg = Release|Win32
		{9DD818F1-F7BA-427F-AAAB-A7473FB4EC95}.Release|x86.Build.0 = Release|Win32
		{908EE133-3CBE-49AD-95EC-2D4A98C78F8A}.Debug|x64.ActiveCfg = Debug|x64
		{908EE133-3CBE-49AD-95EC-2D4A98C78F8A}.Debug|x64.Build.0 = Debug|x64
		{908EE133-3CBE-49AD-95EC-2D4A98C78F8A}.Debug|x86.ActiveCfg = Debug|Win32
		{908EE133-3CBE-49AD-95EC-2D4A98C78F8A}.Debug|x86.Build.0 = Debug|Win32
		{908EE133-3CBE-49AD-95EC-2D4A98C78F8A}.Release|x64.ActiveCfg = Release|x64
		{908EE133-3CBE-49AD-95EC-2D4A98C78F8A}.Release|x64.Build.0 = Release|x64
		{908EE133-3CBE-49AD-95EC-2D4A98C78F8A}.Release|x86.ActiveCfg = Release|Win32
		{908EE133-3CBE-49AD-95EC-2D4A98C78F8A}.Release|x86.Build.0 = Release|Win32
		{9A8FB8EB-6B84-42E4-89D2-EA5167BEE284}.Debug|x64.ActiveCfg = Debug|x64
		{9A8FB8EB-6B84-42E4-89D2-EA5167BEE284}.Debug|x64.Build.0 = Debug|x64
		{9A8FB8EB-6B84-42E4-89D2-EA5167BEE284}.Debug|x86.ActiveCfg = Debug|Win32
		{9A8FB8EB-6B84-42E4-89D2-EA5167BEE284}.Debug|x86.Build.0 = Debug|Win32
		{9A8FB8EB-6B84-42E4-89D2-EA5167BEE284}.Release|x64.ActiveCfg = Release|x64
		{9A8FB8EB-6B84-42E4-89D2-EA5167BEE284}.Release|x64.Build.0 = Release|x64
		{9A8FB8EB-6B84-42E4-89D2-EA5167BEE284}.Release|x86.ActiveCfg = Release|Win32
		{9A8FB8EB-6B84-42E4-89D2-EA5167BEE284}.Release|x86.Build.0 = Release|Win32
		{547213B5-C98E-4FE5-96A1-D3688B81D133}.Debug|x64.ActiveCfg = Debug|x64
		{547213B5-C98E-4FE5-96A1-D3688B81D133}.Debug|x64.Build.0 = Debug|x64
		{547213B5-C98E-4FE5-96A1-D3688B81D133}.Debug|x86.ActiveCfg = Debug|Win32
		{547213B5-C98E-4FE5-96A1-D3688B81D133}.Debug|x86.Build.0 = Debug|Win32
		{547213B5-C98E-4FE5-96A1-D3688B81D133}.Release|x64.ActiveCfg = Release|x64
		{547213B5-C98E-4FE5-96A1-D3688B81D133}.Release|x64.Build.0 = Release|x64
		{547213B5-C98E-4FE5-96A1-D3688B81D133}.Release|x86.ActiveCfg = Release|Win32
		{547213B5-C98E-4FE5-96A1-D3688B81D133}.Release|x86.Build.0 = Release|Win32
		{4948C28D-8FE3-4DC9-8FAE-425485641E42}.Debug|x64.ActiveCfg = Debug|x64
		{4948C28D-8FE3-4DC9-8FAE-425485641E42}.Debug|x64.Build.0 = Debug|x64
		{4948C28D-8FE3-4DC9-8FAE-425485641E42}.Debug|x86.ActiveCfg = Debug|Win32
		{4948C28D-8FE3-4DC9-8FAE-425485641E42}.Debug|x86.Build.0 = Debug|Win32
		{4948C28D-8FE3-4DC9-8FAE-425485641E42}.Release|x64.ActiveCfg = Release|x64
		{4948C28D-8FE3-4DC9-8FAE-425485641E42}.Release|x64.Build.0 = Release|x64
		{4948C28D-8FE3-4DC9-8FAE-425485641E42}.Release|x86.ActiveCfg = Release|Win32
		{4948C28D-8FE3-4DC9-8FAE-425485641E42}.Release|x86.Build.0 = Release|Win32
		{345BC302-04F3-41EF-B55B-AEADB22292F1}.Debug|x64.ActiveCfg = Debug|x64
		{345BC302-04F3-41EF-B55B-AEADB22292F1}.Debug|x64.Build.0 = Debug|x64
		{345BC302-04F3-41EF-B55B-AEADB22292F1}.Debug|x86.ActiveCfg = Debug|Win32
		{345BC302-04F3-41EF-B55B-AEADB22292F1}.Debug|x86.Build.0 = Debug|Win32
		{345BC302-04F3-41EF-B55B-AEADB22292F1}.Release|x64.ActiveCfg = Release|x64
		{345BC302-04F3-41EF-B55B-AEADB22292F1}.Release|x64.Build.0 = Release|x64
		{345BC302-04F3-41EF-B55B-AEADB22292F1}.Release|x86.ActiveCfg = Release|Win32
		{345BC302-04F3-41EF-B55B-AEADB22292F1}.Release|x86.Build.0 = Release|Win32
		{616FAE94-FB12-4EDD-8CF4-286F3D163D55}.Debug|x64.ActiveCfg = Debug|x64
		{616FAE94-FB12-4EDD-8CF4-286F3D163D55}.Debug|x64.Build.0 = Debug|x64
		{616FAE94-FB12-4EDD-8CF4-286F3D163D55}.Debug|x86.ActiveCfg = Debug|Win32
		{616FAE94-FB12-4EDD-8CF4-286F3D163D55}.Debug|x86.Build.0 = Debug|Win32
		{616FAE94-FB12-4EDD-8CF4-286F3D163D55}.Release|x64.ActiveCfg = Release|x64
		{616FAE94-FB12-4EDD-8CF4-286F3D163D55}.Release|x64.Build.0 = Release|x64
		{616FAE94-FB12-4EDD-8CF4-286F3D163D55}.Release|x86.ActiveCfg = Release|Win32
		{616FAE94-FB12-4EDD-8CF4-286F3D163D55}.Release|x86.Build.0 = Release|Win32
		{54F84151-74A8-45B6-8D48-9096EC768F83}.Debug|x64.ActiveCfg = Debug|x64
		{54F84151-74A8-45B6-8D48-9096EC768F83}.Debug|x64.Build.0 = Debug|x64
		{54F84151-74A8-45B6-8D48-9096EC768F83}.Debug|x86.ActiveCfg = Debug|Win32
		{54F84151-74A8-45B6-8D48-9096EC768F83}.Debug|x86.Build.0 = Debug|Win32
		{54F84151-74A8-45B6-8D48-9096EC768F83}.Release|x64.ActiveCfg = Release|x64
		{54F84151-74A8-45B6-8D48-9096EC768F83}.Release|x64.Build.0 = Release|x64
		{54F84151-74A8-45B6-8D48-9096EC768F83}.Release|x86.ActiveCfg = Release|Win32
		{54F84151-74A8-45B6-8D48-9096EC768F83}.Release|x86.Build.0 = Release|Win32
		{428E3CFF-9922-46A3-BB6E-A4AD4EED8D3D}.Debug|x64.ActiveCfg = Debug|x64
		{428E3CFF-9922-46A3-BB6E-A4AD4EED8D3D}.Debug|x64.Build.0 = Debug|x64
		{428E3CFF-9922-46A3-BB6E-A4AD4EED8D3D}.Debug|x86.ActiveCfg = Debug|Win32
		{428E3CFF-9922-46A3-BB6E-A4AD4EED8D3D}.Debug|x86.Build.0 = Debug|Win32
		{428E3CFF-9922-46A3-BB6E-A4AD4EED8D3D}.Release|x64.ActiveCfg = Release|x64
		{428E3CFF-9922-46A3-BB6E-A4AD4EED8D3D}.Release|x64.Build.0 = Release|x64
		{428E3CFF-9922-46A3-BB6E-A4AD4EED8D3D}.Release|x86.ActiveCfg = Release|Win32
		{428E3CFF-9922-46A3-BB6E-A4AD4EED8D3D}.Release|x86.Build.0 = Release|Win32
		{20177249-B734-4F68-B5FC-CF1F5AFBA7A5}.Debug|x64.ActiveCfg = Debug|x64
		{20177249-B734-4F68-B5FC-CF1F5AFBA7A5}.Debug|x64.Build.0 = Debug|x64
		{20177249-B734-4F68-B5FC-CF1F5AFBA7A5}.Debug|x86.ActiveCfg = Debug|Win32
		{20177249-B734-4F68-B5FC-CF1F5AFBA7A5}.Debug|x86.Build.0 = Debug|Win32
		{20177249-B734-4F68-B5FC-CF1F5AFBA7A5}.Release|x64.ActiveCfg = Release|x64
		{20177249-B734-4F68-B5FC-CF1F5AFBA7A5}.Release|x64.Build.0 = Release|x64
		{20177249-B734-4F68-B5FC-CF1F5AFBA7A5}.Release|x86.ActiveCfg = Release|Win32
		{20177249-B734-4F68-B5FC-CF1F5AFBA7A5}.Release|x86.Build.0 = Release|Win32
		{FC4388A0-1012-45A1-ABB9-8204BED010B2}.Debug|x64.ActiveCfg = Debug|x64
		{FC4388A0-1012-45A1-ABB9-8204BED010B2}.Debug|x64.Build.0 = Debug|x64
		{FC4388A0-1012-45A1-ABB9-8204BED010B2}.Debug|x86.ActiveCfg = Debug|Win32
		{FC4388A0-1012-45A1-ABB9-8204BED010B2}.Debug|x86.Build.0 = Debug|Win32
		{FC4388A0-1012-45A1-ABB9-8204BED010B2}.Release|x64.ActiveCfg = Release|x64
		{FC4388A0-1012-45A1-ABB9-8204BED010B2}.Release|x64.Build.0 = Release|x64
		{FC4388A0-1012-45A1-ABB9-8204BED010B2}.Release|x86.ActiveCfg = Release|Win32
		{FC4388A0-1012-45A1-ABB9-8204BED010B2}.Release|x86.Build.0 = Release|Win32
		{AC09A91D-A009-4BA3-A357-270CF43244CD}.Debug|x64.ActiveCfg = Debug|x64
		{AC09A91D-A009-4BA3-A357-270CF43244CD}.Debug|x64.Build.0 = Debug|x64
		{AC09A91D-A009-4BA3-A357-270CF43244CD}.Debug|x86.ActiveCfg = Debug|Win32
		{AC09A91D-A009-4BA3-A357-270CF43244CD}.Debug|x86.Build.0 = Debug|Win32
		{AC09A91D-A009-4BA3-A357-270CF43244CD}.Release|x64.ActiveCfg = Release|x64
		{AC09A91D-A009-4BA3-A357-270CF43244CD}.Release|x64.Build.0 = Release|x64
		{AC09A91D-A009-4BA3-A357-270CF43244CD}.Release|x86.ActiveCfg = Release|Win32
		{AC09A91D-A009-4BA3-A357-270CF43244CD}.Release|x86.Build.0 = Release|Win32
		{A0BF7F89-96B5-4799-9CC0-A8D5D10EF08B}.Debug|x64.ActiveCfg = Debug|x64
		{A0BF7F89-96B5-4799-9CC0-A8D5D10EF08B}.Debug|x64.Build.0 = Debug|x64
		{A0BF7F89-96B5-4799-9CC0-A8D5D10EF08B}.Debug|x86.ActiveCfg = Debug|Win32
		{A0BF7F89-96B5-4799-9CC0-A8D5D10EF08B}.Debug|x86.Build.0 = Debug|Win32
		{A0BF7F89-96B5-4799-9CC0-A8D5D10EF08B}.Release|x64.ActiveCfg = Release|x64
		{A0BF7F89-96B5-4799-9CC0-A8D5D10EF08B}.Release|x64.Build.0 = Release|x64
		{A0BF7F89-96B5-4799-9CC0-A8D5D10EF08B}.Release|x86.ActiveCfg = Release|Win32
		{A0BF7F89-96B5-4799-9CC0-A8D5D10EF08B}.Release|x86.Build.0 = Release|Win32
		{250CD49F-3A93-4A9E-B15A-6B36A56D2034}.Debug|x64.ActiveCfg = Debug|x64
		{250CD49F-3A93-4A9E-B15A-6B36A56D2034}.Debug|x64.Build.0 = Debug|x64
		{250CD49F-3A93-4A9E-B15A-6B36A56D2034}.Debug|x86.ActiveCfg = Debug|Win32
		{250CD49F-3A93-4A9E-B15A-6B36A56D2034}.Debug|x86.Build.0 = Debug|Win32
		{250CD49F-3A93-4A9E-B15A-6B36A56D2034}.Release|x64.ActiveCfg = Release|x64
		{250CD49F-3A93-4A9E-B15A-6B36A56D2034}.Release|x64.Build.0 = Release|x64
		{250CD49F-3A93-4A9E-B15A-6B36A56D2034}.Release|x86.ActiveCfg = Release|Win32
		{250CD49F-3A93-4A9E-B15A-6B36A56D2034}.Release|x86.Build.0 = Release|Win32
		{454A2550-DB88-4B74-A0DF-D656E4EBE909}.Debug|x64.ActiveCfg = Debug|x64
		{454A2550-DB88-4B74-A0DF-D656E4EBE909}.Debug|x64.Build.0 = Debug|x64
		{454A2550-DB88-4B74-A0DF-D656E4EBE909}.Debug|x86.ActiveCfg = Debug|Win32
		{454A2550-DB88-4B74-A0DF-D656E4EBE909}.Debug|x86.Build.0 = Debug|Win32
		{454A2550-DB88-4B74-A0DF-D656E4EBE909}.Release|x64.ActiveCfg = Release|x64
		{454A2550-DB88-4B74-A0DF-D656E4EBE909}.Release|x64.Build.0 = Release|x64
		{454A2550-DB88-4B74-A0DF-D656E4EBE909}.Release|x86.ActiveCfg = Release|Win32
		{454A2550-DB88-4B74-A0DF-D656E4EBE909}.Release|x86.Build.0 = Release|Win32
		{81DEFACC-F086-4A14-9A48-927E76177FB0}.Debug|x64.ActiveCfg = Debug|x64
		{81DEFACC-F086-4A14-9A48-927E76177FB0}.Debug|x64.Build.0 = Debug|x64
		{81DEFACC-F086-4A14-9A48-927E76177FB0}.Debug|x86.ActiveCfg = Debug|Win32
		{81DEFACC-F086-4A14-9A48-927E76177FB0}.Debug|x86.Build.0 = Debug|Win32
		{81DEFACC-F086-4A14-9A48-927E76177FB0}.Release|x64.ActiveCfg = Release|x64
		{81DEFACC-F086-4A14-9A48-927E76177FB0}.Release|x64.Build.0 = Release|x64
		{81DEFACC-F086-4A14-9A48-927E76177FB0}.Release|x86.ActiveCfg = Release|Win32
		{81DEFACC-F086-4A14-9A48-927E76177FB0}.Release|x86.Build.0 = Release|Win32
		{2842AB0E-28D4-48CD-A45F-AD9216128E66}.Debug|x64.ActiveCfg = Debug|x64
		{2842AB0E-28D4-48CD-A45F-AD9216128E66}.Debug|x64.Build.0 = Debug|x64
		{2842AB0E-28D4-48CD-A45F-AD9216128E66}.Debug|x86.ActiveCfg = Debug|Win32
		{2842AB0E-28D4-48CD-A45F-AD9216128E66}.Debug|x86.Build.0 = Debug|Win32
		{2842AB0E-28D4-48CD-A45F-AD9216128E66}.Release|x64.ActiveCfg = Release|x64
		{2842AB0E-28D4-48CD-A45F-AD9216128E66}.Release|x64.Build.0 = Release|x64
		{2842AB0E-28D4-48CD-A45F-AD9216128E66}.Release|x86.ActiveCfg = Release|Win32
		{2842AB0E-28D4-48CD-A45F-AD9216128E66}.Release|x86.Build.0 = Release|Win32
		{F069E8B3-0E63-4C4B-B7EB-AC92D3DAD7D0}.Debug|x64.ActiveCfg = Debug|x64
		{F069E8B3-0E63-4C4B-B7EB-AC92D3DAD7D0}.Debug|x64.Build.0 = Debug|x64
		{F069E8B3-0E63-4C4B-B7EB-AC92D3DAD7D0}.Debug|x86.ActiveCfg = Debug|Win32
		{F069E8B3-0E63-4C4B-B7EB-AC92D3DAD7D0}.Debug|x86.Build.0 = Debug|Win32
		{F069E8B3-0E63-4C4B-B7EB-AC92D3DAD7D0}.Release|x64.ActiveCfg = Release|x64
		{F069E8B3-0E63-4C4B-B7EB-AC92D3DAD7D0}.Release|x64.Build.0 = Release|x64
		{F069E8B3-0E63-4C4B-B7EB-AC92D3DAD7D0}.Release|x86.ActiveCfg = Release|Win32
		{F069E8B3-0E63-4C4B-B7EB-AC92D3DAD7D0}.Release|x86.Build.0 = Release|Win32
		{12236378-5DC9-4358-97EE-8DC752ECCE1D}.Debug|x64.ActiveCfg = Debug|x64
		{12236378-5DC9-4358-97EE-8DC752ECCE1D}.Debug|x64.Build.0 = Debug|x64
		{12236378-5DC9-4358-97EE-8DC752ECCE1D}.Debug|x86.ActiveCfg = Debug|Win32
		{12236378-5DC9-4358-97EE-8DC752ECCE1D}.Debug|x86.Build.0 = Debug|Win32
		{12236378-5DC9-4358-97EE-8DC752ECCE1D}.Release|x64.ActiveCfg = Release|x64
		{12236378-5DC9-4358-97EE-8DC752ECCE1D}.Release|x64.Build.0 = Release|x64
		{12236378-5DC9-4358-97EE-8DC752ECCE1D}.Release|x86.ActiveCfg = Release|Win32
		{12236378-5DC9-4358-97EE-8DC752ECCE1D}.Release|x86.Build.0 = Release|Win32
		{05E8E980-DB6B-428A-818A-DDF3D439F642}.Debug|x64.ActiveCfg = Debug|x64
		{05E8E980-DB6B-428A-818A-DDF3D439F642}.Debug|x64.Build.0 = Debug|x64
		{05E8E980-DB6B-428A-818A-DDF3D439F642}.Debug|x86.ActiveCfg = Debug|Win32
		{05E8E980-DB6B-428A-818A-DDF3D439F642}.Debug|x86.Build.0 = Debug|Win32
		{05E8E980-DB6B-428A-818A-DDF3D439F642}.Release|x64.ActiveCfg = Release|x64
		{05E8E980-DB6B-428A-818A-DDF3D439F642}.Release|x64.Build.0 = Release|x64
		{05E8E980-DB6B-428A-818A-DDF3D439F642}.Release|x86.ActiveCfg = Release|Win32
		{05E8E980-DB6B-428A-818A-DDF3D439F642}.Release|x86.Build.0 = Release|Win32
		{4C29A55D-6031-4BD9-899D-B1C2FB8A392A}.Debug|x64.ActiveCfg = Debug|x64
		{4C29A55D-6031-4BD9-899D-B1C2FB8A392A}.Debug|x64.Build.0 = Debug|x64
		{4C29A55D-6031-4BD9-899D-B1C2FB8A392A}.Debug|x86.ActiveCfg = Debug|Win32
		{4C29A55D-6031-4BD9-899D-B1C2FB8A392A}.Debug|x86.Build.0 = Debug|Win32
		{4C29A55D-6031-4BD9-899D-B1C2FB8A392A}.Release|x64.ActiveCfg = Release|x64
		{4C29A55D-6031-4BD9-899D-B1C2FB8A392A}.Release|x64.Build.0 = Release|x64
		{4C29A55D-6031-4BD9-899D-B1C2FB8A392A}.Release|x86.ActiveCfg = Release|Win32
		{4C29A55D-6031-4BD9-899D-B1C2FB8A392A}.Release|x86.Build.0 = Release|Win32
		{F930F261-6E25-43DC-AEBF-71CB4C0C4A86}.Debug|x64.ActiveCfg = Debug|x64
		{F930F261-6E25-43DC-AEBF-71CB4C0C4A86}.Debug|x64.Build.0 = Debug|x64
		{F930F261-6E25-43DC-AEBF-71CB4C0C4A86}.Debug|x86.ActiveCfg = Debug|Win32
		{F930F261-6E25-43DC-AEBF-71CB4C0C4A86}.Debug|x86.Build.0 = Debug|Win32
		{F930F261-6E25-43DC-AEBF-71CB4C0C4A86}.Release|x64.ActiveCfg = Release|x64
		{F930F261-6E25-43DC-AEBF-71CB4C0C4A86}.Release|x64.Build.0 = Release|x64
		{F930F261-6E25-43DC-AEBF-71CB4C0C4A86}.Release|x86.ActiveCfg = Release|Win32
		{F930F261-6E25-43DC-AEBF-71CB4C0C4A86}.Release|x86.Build.0 = Release|Win32
		{BD9F1E6C-7BBF-43C5-A5CA-8448D216EBC8}.Debug|x64.ActiveCfg = Debug|x64
		{BD9F1E6C-7BBF-43C5-A5CA-8448D216EBC8}.Debug|x64.Build.0 = Debug|x64
		{BD9F1E6C-7BBF-43C5-A5CA-8448D216EBC8}.Debug|x86.ActiveCfg = Debug|Win32
		{BD9F1E6C-7BBF-43C5-A5CA-8448D216EBC8}.Debug|x86.Build.0 = Debug|Win32
		{BD9F1E6C-7BBF-43C5-A5CA-8448D216EBC8}.Release|x64.ActiveCfg = Release|x64
		{BD9F1E6C-7BBF-43C5-A5CA-8448D216EBC8}.Release|x64.Build.0 = Release|x64
		{BD9F1E6C-7BBF-43C5-A5CA-8448D216EBC8}.Release|x86.ActiveCfg = Release|Win32
		{BD9F1E6C-7BBF-43C5-A5CA-8448D216EBC8}.Release|x86.Build.0 = Release|Win32
		{13BD7A8A-E37A-466F-B91C-9E8DD12BC4BD}.Debug|x64.ActiveCfg = Debug|x64
		{13BD7A8A-E37A-466F-B91C-9E8DD12BC4BD}.Debug|x64.Build.0 = Debug|x64
		{13BD7A8A-E37A-466F-B91C-9E8DD12BC4BD}.Debug|x86.ActiveCfg = Debug|Win32
		{13BD7A8A-E37A-466F-B91C-9E8DD12BC4BD}.Debug|x86.Build.0 = Debug|Win32
		{13BD7A8A-E37A-466F-B91C-9E8DD12BC4BD}.Release|x64.ActiveCfg = Release|x64
		{13BD7A8A-E37A-466F-B91C-9E8DD12BC4BD}.Release|x64.Build.0 = Release|x64
		{13BD7A8A-E37A-466F-B91C-9E8DD12BC4BD}.Release|x86.ActiveCfg = Release|Win32
		{13BD7A8A-E37A-466F-B91C-9E8DD12BC4BD}.Release|x86.Build.0 = Release|Win32
		{04EC98D1-11C6-4A0D-B074-4D7575EB08A7}.Debug|x64.ActiveCfg = Debug|x64
		{04EC98D1-11C6-4A0D-B074-4D7575EB08A7}.Debug|x64.Build.0 = Debug|x64
		{04EC98D1-11C6-4A0D-B074-4D7575EB08A7}.Debug|x86.ActiveCfg = Debug|Win32
		{04EC98D1-11C6-4A0D-B074-4D7575EB08A7}.Debug|x86.Build.0 = Debug|Win32
		{04EC98D1-11C6-4A0D-B074-4D7575EB08A7}.Release|x64.ActiveCfg = Release|x64
		{04EC98D1-11C6-4A0D-B074-4D7575EB08A7}.Release|x64.Build.0 = Release|x64
		{04EC98D1-11C6-4A0D-B074-4D7575EB08A7}.Release|x86.ActiveCfg = Release|Win32
		{04EC98D1-11C6-4A0D-B074-4D7575EB08A7}.Release|x86.Build.0 = Release|Win32
		{658B200D-D0A1-4D98-B61E-1687557EB13C}.Debug|x64.ActiveCfg = Debug|x64
		{658B200D-D0A1-4D98-B61E-1687557EB13C}.Debug|x64.Build.0 = Debug|x64
		{658B200D-D0A1-4D98-B61E-1687557EB13C}.Debug|x86.ActiveCfg = Debug|Win32
		{658B200D-D0A1-4D98-B61E-1687557EB13C}.Debug|x86.Build.0 = Debug|Win32
		{658B200D-D0A1-4D98-B61E-1687557EB13C}.Release|x64.ActiveCfg = Release|x64
		{658B200D-D0A1-4D98-B61E-1687557EB13C}.Release|x64.Build.0 = Release|x64
		{658B200D-D0A1-4D98-B61E-1687557EB13C}.Release|x86.ActiveCfg = Release|Win32
		{658B200D-D0A1-4D98-B61E-1687557EB13C}.Release|x86.Build.0 = Release|Win32
		{C451720F-AC7A-4E4F-9887-18025520A5EA}.Debug|x64.ActiveCfg = Debug|x64
		{C451720F-AC7A-4E4F-9887-18025520A5EA}.Debug|x64.Build.0 = Debug|x64
		{C451720F-AC7A-4E4F-9887-18025520A5EA}.Debug|x86.ActiveCfg = Debug|Win32
		{C451720F-AC7A-4E4F-9887-18025520A5EA}.Debug|x86.Build.0 = Debug|Win32
		{C451720F-AC7A-4E4F-9887-18025520A5EA}.Release|x64.ActiveCfg = Release|x64
		{C451720F-AC7A-4E4F-9887-18025520A5EA}.Release|x64.Build.0 = Release|x64
		{C451720F-AC7A-4E4F-9887-18025520A5EA}.Release|x86.ActiveCfg = Release|Win32
		{C451720F-AC7A-4E4F-9887-18025520A5EA}.Release|x86.Build.0 = Release|Win32
		{02327471-B6C0-4FB7-9AAF-68FF9CF73611}.Debug|x64.ActiveCfg = Debug|x64
		{02327471-B6C0-4FB7-9AAF-68FF9CF73611}.Debug|x64.Build.0 = Debug|x64
		{02327471-B6C0-4FB7-9AAF-68FF9CF73611}.Debug|x86.ActiveCfg = Debug|Win32
		{02327471-B6C0-4FB7-9AAF-68FF9CF73611}.Debug|x86.Build.0 = Debug|Win32
		{02327471-B6C0-4FB7-9AAF-68FF9CF73611}.Release|x64.ActiveCfg = Release|x64
		{02327471-B6C0-4FB7-9AAF-68FF9CF73611}.Release|x64.Build.0 = Release|x64
		{02327471-B6C0-4FB7-9AAF-68FF9CF73611}.Release|x86.ActiveCfg = Release|Win32
		{02327471-B6C0-4FB7-9AAF-68FF9CF73611}.Release|x86.Build.0 = Release|Win32
		{BEFCD8A5-BEE7-4D02-B2EE-2670BB1AF21E}.Debug|x64.ActiveCfg = Debug|x64
		{BEFCD8A5-BEE7-4D02-B2EE-2670BB1AF21E}.Debug|x64.Build.0 = Debug|x64
		{BEFCD8A5-BEE7-4D02-B2EE-2670BB1AF21E}.Debug|x86.ActiveCfg = Debug|Win32
		{BEFCD8A5-BEE7-4D02-B2EE-2670BB1AF21E}.Debug|x86.Build.0 = Debug|Win32
		{BEFCD8A5-BEE7-4D02-B2EE-2670BB1AF21E}.Release|x64.ActiveCfg = Release|x64
		{BEFCD8A5-BEE7-4D02-B2EE-2670BB1AF21E}.Release|x64.Build.0 = Release|x64
		{BEFCD8A5-BEE7-4D02-B2EE-2670BB1AF21E}.Release|x86.ActiveCfg = Release|Win32
		{BEFCD8A5-BEE7-4D02-B2EE-2670BB1AF21E}.Release|x86.Build.0 = Release|Win32
		{FB413B6B-5A96-4A55-BC4A-7C5734FB0F10}.Debug|x64.ActiveCfg = Debug|x64
		{FB413B6B-5A96-4A55-BC4A-7C5734FB0F10}.Debug|x64.Build.0 = Debug|x64
		{FB413B6B-5A96-4A55-BC4A-7C5734FB0F10}.Debug|x86.ActiveCfg = Debug|Win32
		{FB413B6B-5A96-4A55-BC4A-7C5734FB0F10}.Debug|x86.Build.0 = Debug|Win32
		{FB413B6B-5A96-4A55-BC4A-7C5734FB0F10}.Release|x64.ActiveCfg = Release|x64
		{FB413B6B-5A96-4A55-BC4A-7C5734FB0F10}.Release|x64.Build.0 = Release|x64
		{FB413B6B-5A96-4A55-BC4A-7C5734FB0F10}.Release|x86.ActiveCfg = Release|Win32
		{FB413B6B-5A96-4A55-BC4A-7C5734FB0F10}.Release|x86.Build.0 = Release|Win32
		{45C92DD5-942D-4E88-A29F-5E8C15334228}.Debug|x64.ActiveCfg = Debug|x64
		{45C92DD5-942D-4E88-A29F-5E8C15334228}.Debug|x64.Build.0 = Debug|x64
		{45C92DD5-942D-4E88-A29F-5E8C15334228}.Debug|x86.ActiveCfg = Debug|Win32
		{45C92DD5-942D-4E88-A29F-5E8C15334228}.Debug|x86.Build.0 = Debug|Win32
		{45C92DD5-942D-4E88-A29F-5E8C15334228}.Release|x64.ActiveCfg = Release|x64
		{45C92DD5-942D-4E88-A29F-5E8C15334228}.Release|x64.Build.0 = Release|x64
		{45C92DD5-942D-4E88-A29F-5E8C15334228}.Release|x86.ActiveCfg = Release|Win32
		{45C92DD5-942D-4E88-A29F-5E8C15334228}.Release|x86.Build.0 = Release|Win32
		{6D4A50ED-61A2-4CA5-883F-19CC8EEE2856}.Debug|x64.ActiveCfg = Debug|x64
		{6D4A50ED-61A2-4CA5-883F-19CC8EEE2856}.Debug|x64.Build.0 = Debug|x64
		{6D4A50ED-61A2-4CA5-883F-19CC8EEE2856}.Debug|x86.ActiveCfg = Debug|Win32
		{6D4A50ED-61A2-4CA5-883F-19CC8EEE2856}.Debug|x86.Build.0 = Debug|Win32
		{6D4A50ED-61A2-4CA5-883F-19CC8EEE2856}.Release|x64.ActiveCfg = Release|x64
		{6D4A50ED-61A2-4CA5-883F-19CC8EEE2856}.Release|x64.Build.0 = Release|x64
		{6D4A50ED-61A2-4CA5-883F-19CC8EEE2856}.Release|x86.ActiveCfg = Release|Win32
		{6D4A50ED-61A2-4CA5-883F-19CC8EEE2856}.Release|x86.Build.0 = Release|Win32
		{8273B5BA-091C-42BD-A35B-2432CE3AC52E}.Debug|x64.ActiveCfg = Debug|x64
		{8273B5BA-091C-42BD-A35B-2432CE3AC52E}.Debug|x64.Build.0 = Debug|x64
		{8273B5BA-091C-42BD-A35B-2432CE3AC52E}.Debug|x86.ActiveCfg = Debug|Win32
		{8273B5BA-091C-42BD-A35B-2432CE3AC52E}.Debug|x86.Build.0 = Debug|Win32
		{8273B5BA-091C-42BD-A35B-2432CE3AC52E}.Release|x64.ActiveCfg = Release|x64
		{8273B5BA-091C-42BD-A35B-2432CE3AC52E}.Release|x64.Build.0 = Release|x64
		{8273B5BA-091C-42BD-A35B-2432CE3AC52E}.Release|x86.ActiveCfg = Release|Win32
		{8273B5BA-091C-42BD-A35B-2432CE3AC52E}.Release|x86.Build.0 = Release|Win32
		{70F93676-EDBC-47C4-A740-D4D7B804092F}.Debug|x64.ActiveCfg = Debug|x64
		{70F93676-EDBC-47C4-A740-D4D7B804092F}.Debug|x64.Build.0 = Debug|x64
		{70F93676-EDBC-47C4-A740-D4D7B804092F}.Debug|x86.ActiveCfg = Debug|Win32
		{70F93676-EDBC-47C4-A740-D4D7B804092F}.Debug|x86.Build.0 = Debug|Win32
		{70F93676-EDBC-47C4-A740-D4D7B804092F}.Release|x64.ActiveCfg = Release|x64
		{70F93676-EDBC-47C4-A740-D4D7B804092F}.Release|x64.Build.0 = Release|x64
		{70F93676-EDBC-47C4-A740-D4D7B804092F}.Release|x86.ActiveCfg = Release|Win32
		{70F93676-EDBC-47C4-A740-D4D7B804092F}.Release|x86.Build.0 = Release|Win32
		{4136491D-9765-4F26-AB28-6714A6073EA9}.Debug|x64.ActiveCfg = Debug|x64
		{4136491D-9765-4F26-AB28-6714A6073EA9}.Debug|x64.Build.0 = Debug|x64
		{4136491D-9765-4F26-AB28-6714A6073EA9}.Debug|x86.ActiveCfg = Debug|Win32
		{4136491D-9765-4F26-AB28-6714A6073EA9}.Debug|x86.Build.0 = Debug|Win32
		{4136491D-9765-4F26-AB28-6714A6073EA9}.Release|x64.ActiveCfg = Release|x64
		{4136491D-9765-4F26-AB28-6714A6073EA9}.Release|x64.Build.0 = Release|x64
		{4136491D-9765-4F26-AB28-6714A6073EA9}.Release|x86.ActiveCfg = Release|Win32
		{4136491D-9765-4F26-AB28-6714A6073EA9}.Release|x86.Build.0 = Release|Win32
		{08287749-011C-4A87-A82B-8D7D9F295CAB}.Debug|x64.ActiveCfg = Debug|x64
		{08287749-011C-4A87-A82B-8D7D9F295CAB}.Debug|x64.Build.0 = Debug|x64
		{08287749-011C-4A87-A82B-8D7D9F295CAB}.Debug|x86.ActiveCfg = Debug|Win32
		{08287749-011C-4A87-A82B-8D7D9F295CAB}.Debug|x86.Build.0 = Debug|Win32
		{08287749-011C-4A87-A82B-8D7D9F295CAB}.Release|x64.ActiveCfg = Release|x64
		{08287749-011C-4A87-A82B-8D7D9F295CAB}.Release|x64.Build.0 = Release|x64
		{08287749-011C-4A87-A82B-8D7D9F295CAB}.Release|x86.ActiveCfg = Release|Win32
		{08287749-011C-4A87-A82B-8D7D9F295CAB}.Release|x86.Build.0 = Release|Win32
		{87D704F1-DCF3-4E5A-BFDC-38C167FC0ED0}.Debug|x64.ActiveCfg = Debug|x64
		{87D704F1-DCF3-4E5A-BFDC-38C167FC0ED0}.Debug|x64.Build.0 = Debug|x64
		{87D704F1-DCF3-4E5A-BFDC-38C167FC0ED0}.Debug|x86.ActiveCfg = Debug|Win32
		{87D704F1-DCF3-4E5A-BFDC-38C167FC0ED0}.Debug|x86.Build.0 = Debug|Win32
		{87D704F1-DCF3-4E5A-BFDC-38C167FC0ED0}.Release|x64.ActiveCfg = Release|x64
		{87D704F1-DCF3-4E5A-BFDC-38C167FC0ED0}.Release|x64.Build.0 = Release|x64
		{87D704F1-DCF3-4E5A-BFDC-38C167FC0ED0}.Release|x86.ActiveCfg = Release|Win32
		{87D704F1-DCF3-4E5A-BFDC-38C167FC0ED0}.Release|x86.Build.0 = Release|Win32
		{13387470-39BD-4C3A-8BF1-57035B084E9C}.Debug|x64.ActiveCfg = Debug|x64
		{13387470-39BD-4C3A-8BF1-57035B084E9C}.Debug|x64.Build.0 = Debug|x64
		{13387470-39BD-4C3A-8BF1-57035B084E9C}.Debug|x86.ActiveCfg = Debug|Win32
		{13387470-39BD-4C3A-8BF1-57035B084E9C}.Debug|x86.Build.0 = Debug|Win32
		{13387470-39BD-4C3A-8BF1-57035B084E9C}.Release|x64.ActiveCfg = Release|x64
		{13387470-39BD-4C3A-8BF1-57035B084E9C}.Release|x64.Build.0 = Release|x64
		{13387470-39BD-4C3A-8BF1-57035B084E9C}.Release|x86.ActiveCfg = Release|Win32
		{13387470-39BD-4C3A-8BF1-57035B084E9C}.Release|x86.Build.0 = Release|Win32
		{B6448941-317E-4A6F-A0FF-EC725DDCA5F4}.Debug|x64.ActiveCfg = Debug|x64
		{B6448941-317E-4A6F-A0FF-EC725DDCA5F4}.Debug|x64.Build.0 = Debug|x64
		{B6448941-317E-4A6F-A0FF-EC725DDCA5F4}.Debug|x86.ActiveCfg = Debug|Win32
		{B6448941-317E-4A6F-A0FF-EC725DDCA5F4}.Debug|x86.Build.0 = Debug|Win32
		{B6448941-317E-4A6F-A0FF-EC725DDCA5F4}.Release|x64.ActiveCfg = Release|x64
		{B6448941-317E-4A6F-A0FF-EC725DDCA5F4}.Release|x64.Build.0 = Release|x64
		{B6448941-317E-4A6F-A0FF-EC725DDCA5F4}.Release|x86.ActiveCfg = Release|Win32
		{B6448941-317E-4A6F-A0FF-EC725DDCA5F4}.Release|x86.Build.0 = Release|Win32
		{7C3E5147-AE1E-4091-B2CF-6601725F629A}.Debug|x64.ActiveCfg = Debug|x64
		{7C3E5147-AE1E-4091-B2CF-6601725F629A}.Debug|x64.Build.0 = Debug|x64
		{7C3E5147-AE1E-4091-B2CF-6601725F629A}.Debug|x86.ActiveCfg = Debug|Win32
		{7C3E5147-AE1E-4091-B2CF-6601725F629A}.Debug|x86.Build.0 = Debug|Win32
		{7C3E5147-AE1E-4091-B2CF-6601725F629A}.Release|x64.ActiveCfg = Release|x64
		{7C3E5147-AE1E-4091-B2CF-6601725F629A}.Release|x64.Build.0 = Release|x64
		{7C3E5147-AE1E-4091-B2CF-6601725F629A}.Release|x86.ActiveCfg = Release|Win32
		{7C3E5147-AE1E-4091-B2CF-6601725F629A}.Release|x86.Build.0 = Release|Win32
		{1B2B5374-2595-463E-82B3-3106380FE01F}.Debug|x64.ActiveCfg = Debug|x64
		{1B2B5374-2595-463E-82B3-3106380FE01F}.Debug|x64.Build.0 = Debug|x64
		{1B2B5374-2595-463E-82B3-3106380FE01F}.Debug|x86.ActiveCfg = Debug|Win32
		{1B2B5374-2595-463E-82B3-3106380FE01F}.Debug|x86.Build.0 = Debug|Win32
		{1B2B5374-2595-463E-82B3-3106380FE01F}.Release|x64.ActiveCfg = Release|x64
		{1B2B5374-2595-463E-82B3-3106380FE01F}.Release|x64.Build.0 = Release|x64
		{1B2B5374-2595-463E-82B3-3106380FE01F}.Release|x86.ActiveCfg = Release|Win32
		{1B2B5374-2595-463E-82B3-3106380FE01F}.Release|x86.Build.0 = Release|Win32
		{E0165FCF-7474-4D8E-B791-25B16FB33A2E}.Debug|x64.ActiveCfg = Debug|x64
		{E0165FCF-7474-4D8E-B791-25B16FB33A2E}.Debug|x64.Build.0 = Debug|x64
		{E0165FCF-7474-4D8E-B791-25B16FB33A2E}.Debug|x86.ActiveCfg = Debug|Win32
		{E0165FCF-7474-4D8E-B791-25B16FB33A2E}.Debug|x86.Build.0 = Debug|Win32
		{E0165FCF-7474-4D8E-B791-25B16FB33A2E}.Release|x64.ActiveCfg = Release|x64
		{E0165FCF-7474-4D8E-B791-25B16FB33A2E}.Release|x64.Build.0 = Release|x64
		{E0165FCF-7474-4D8E-B791-25B16FB33A2E}.Release|x86.ActiveCfg = Release|Win32
		{E0165FCF-7474-4D8E-B791-25B16FB33A2E}.Release|x86.Build.0 = Release|Win32
		{B4647C29-2C44-46D7-B59E-2C3572F8F9F0}.Debug|x64.ActiveCfg = Debug|x64
		{B4647C29-2C44-46D7-B59E-2C3572F8F9F0}.Debug|x64.Build.0 = Debug|x64
		{B4647C29-2C44-46D7-B59E-2C3572F8F9F0}.Debug|x86.ActiveCfg = Debug|Win32
		{B4647C29-2C44-46D7-B59E-2C3572F8F9F0}.Debug|x86.Build.0 = Debug|Win32
		{B4647C29-2C44-46D7-B59E-2C3572F8F9F0}.Release|x64.ActiveCfg = Release|x64
		{B4647C29-2C44-46D7-B59E-2C3572F8F9F0}.Release|x64.Build.0 = Release|x64
		{B4647C29-2C44-46D7-B59E-2C3572F8F9F0}.Release|x86.ActiveCfg = Release|Win32
		{B4647C29-2C44-46D7-B59E-2C3572F8F9F0}.Release|x86.Build.0 = Release|Win32
		{B1E872CB-AE2C-4E80-A7D9-F959ED3E9BF7}.Debug|x64.ActiveCfg = Debug|x64
		{B1E872CB-AE2C-4E80-A7D9-F959ED3E9BF7}.Debug|x64.Build.0 = Debug|x64
		{B1E872CB-AE2C-4E80-A7D9-F959ED3E9BF7}.Debug|x86.ActiveCfg = Debug|Win32
		{B1E872CB-AE2C-4E80-A7D9-F959ED3E9BF7}.Debug|x86.Build.0 = Debug|Win32
		{B1E872CB-AE2C-4E80-A7D9-F959ED3E9BF7}.Release|x64.ActiveCfg = Release|x64
		{B1E872CB-AE2C-4E80-A7D9-F959ED3E9BF7}.Release|x64.Build.0 = Release|x64
		{B1E872CB-AE2C-4E80-A7D9-F959ED3E9BF7}.Release|x86.ActiveCfg = Release|Win32
		{B1E872CB-AE2C-4E80-A7D9-F959ED3E9BF7}.Release|x86.Build.0 = Release|Win32
		{1AD10F22-F927-4ACB-B508-4EF054500BF1}.Debug|x64.ActiveCfg = Debug|x64
		{1AD10F22-F927-4ACB-B508-4EF054500BF1}.Debug|x64.Build.0 = Debug|x64
		{1AD10F22-F927-4ACB-B508-4EF054500BF1}.Debug|x86.ActiveCfg = Debug|Win32
		{1AD10F22-F927-4ACB-B508-4EF054500BF1}.Debug|x86.Build.0 = Debug|Win32
		{1AD10F22-F927-4ACB-B508-4EF054500BF1}.Release|x64.ActiveCfg = Release|x64
		{1AD10F22-F927-4ACB-B508-4EF054500BF1}.Release|x64.Build.0 = Release|x64
		{1AD10F22-F927-4ACB-B508-4EF054500BF1}.Release|x86.ActiveCfg = Release|Win32
		{1AD10F22-F927-4ACB-B508-4EF054500BF1}.Release|x86.Build.0 = Release|Win32
		{02F37B60-C6E0-489F-AD31-E635A15CE1FB}.Debug|x64.ActiveCfg = Debug|x64
		{02F37B60-C6E0-489F-AD31-E635A15CE1FB}.Debug|x64.Build.0 = Debug|x64
		{02F37B60-C6E0-489F-AD31-E635A15CE1FB}.Debug|x86.ActiveCfg = Debug|Win32
		{02F37B60-C6E0-489F-AD31-E635A15CE1FB}.Debug|x86.Build.0 = Debug|Win32
		{02F37B60-C6E0-489F-AD31-E635A15CE1FB}.Release|x64.ActiveCfg = Release|x64
		{02F37B60-C6E0-489F-AD31-E635A15CE1FB}.Release|x64.Build.0 = Release|x64
		{02F37B60-C6E0-489F-AD31-E635A15CE1FB}.Release|x86.ActiveCfg = Release|Win32
		{02F37B60-C6E0-489F-AD31-E635A15CE1FB}.Release|x86.Build.0 = Release|Win32
		{F01687A1-ABFA-4F69-947E-6C709D05B0F1}.Debug|x64.ActiveCfg = Debug|x64
		{F01687A1-ABFA-4F69-947E-6C709D05B0F1}.Debug|x64.Build.0 = Debug|x64
		{F01687A1-ABFA-4F69-947E-6C709D05B0F1}.Debug|x86.ActiveCfg = Debug|Win32
		{F01687A1-ABFA-4F69-947E-6C709D05B0F1}.Debug|x86.Build.0 = Debug|Win32
		{F01687A1-ABFA-4F69-947E-6C709D05B0F1}.Release|x64.ActiveCfg = Release|x64
		{F01687A1-ABFA-4F69-947E-6C709D05B0F1}.Release|x64.Build.0 = Release|x64
		{F01687A1-ABFA-4F69-947E-6C709D05B0F1}.Release|x86.ActiveCfg = Release|Win32
		{F01687A1-ABFA-4F69-947E-6C709D05B0F1}.Release|x86.Build.0 = Release|Win32
		{140B5477-78B7-46EB-93AB-ACDBF0015E17}.Debug|x64.ActiveCfg = Debug|x64
		{140B5477-78B7-46EB-93AB-ACDBF0015E17}.Debug|x64.Build.0 = Debug|x64
		{140B5477-78B7-46EB-93AB-ACDBF0015E17}.Debug|x86.ActiveCfg = Debug|Win32
		{140B5477-78B7-46EB-93AB-ACDBF0015E17}.Debug|x86.Build.0 = Debug|Win32
		{140B5477-78B7-46EB-93AB-ACDBF0015E17}.Release|x64.ActiveCfg = Release|x64
		{140B5477-78B7-46EB-93AB-ACDBF0015E17}.Release|x64.Build.0 = Release|x64
		{140B5477-78B7-46EB-93AB-ACDBF0015E17}.Release|x86.ActiveCfg = Release|Win32
		{140B5477-78B7-46EB-93AB-ACDBF0015E17}.Release|x86.Build.0 = Release|Win32
		{AAD62EA8-EAAD-4364-94C1-E180985C446C}.Debug|x64.ActiveCfg = Debug|x64
		{AAD62EA8-EAAD-4364-94C1-E180985C446C}.Debug|x64.Build.0 = Debug|x64
		{AAD62EA8-EAAD-4364-94C1-E180985C446C}.Debug|x86.ActiveCfg = Debug|Win32
		{AAD62EA8-EAAD-4364-94C1-E180985C446C}.Debug|x86.Build.0 = Debug|Win32
		{AAD62EA8-EAAD-4364-94C1-E180985C446C}.Release|x64.ActiveCfg = Release|x64
		{AAD62EA8-EAAD-4364-94C1-E180985C446C}.Release|x64.Build.0 = Release|x64
		{AAD62EA8-EAAD-4364-94C1-E180985C446C}.Release|x86.ActiveCfg = Release|Win32
		{AAD62EA8-EAAD-4364-94C1-E180985C446C}.Release|x86.Build.0 = Release|Win32
		{1C62B6B0-DA9E-4CA7-96A4-72C47368646A}.Debug|x64.ActiveCfg = Debug|x64
		{1C62B6B0-DA9E-4CA7-96A4-72C47368646A}.Debug|x64.Build.0 = Debug|x64
		{1C62B6B0-DA9E-4CA7-96A4-72C47368646A}.Debug|x86.ActiveCfg = Debug|Win32
		{1C62B6B0-DA9E-4CA7-96A4-72C47368646A}.Debug|x86.Build.0 = Debug|Win32
		{1C62B6B0-DA9E-4CA7-96A4-72C47368646A}.Release|x64.ActiveCfg = Release|x64
		{1C62B6B0-DA9E-4CA7-96A4-72C47368646A}.Release|x64.Build.0 = Release|x64
		{1C62B6B0-DA9E-4CA7-96A4-72C47368646A}.Release|x86.ActiveCfg = Release|Win32
		{1C62B6B0-DA9E-4CA7-96A4-72C47368646A}.Release|x86.Build.0 = Release|Win32
		{19F1517A-F5EF-488A-9E73-D0474A36F7AB}.Debug|x64.ActiveCfg = Debug|x64
		{19F1517A-F5EF-488A-9E73-D0474A36F7AB}.Debug|x64.Build.0 = Debug|x64
		{19F1517A-F5EF-488A-9E73-D0474A36F7AB}.Debug|x86.ActiveCfg = Debug|Win32
		{19F1517A-F5EF-488A-9E73-D0474A36F7AB}.Debug|x86.Build.0 = Debug|Win32
		{19F1517A-F5EF-488A-9E73-D0474A36F7AB}.Release|x64.ActiveCfg = Release|x64
		{19F1517A-F5EF-488A-9E73-D0474A36F7AB}.Release|x64.Build.0 = Release|x64
		{19F1517A-F5EF-488A-9E73-D0474A36F7AB}.Release|x86.ActiveCfg = Release|Win32
		{19F1517A-F5EF-488A-9E73-D0474A36F7AB}.Release|x86.Build.0 = Release|Win32
		{3CDE352A-F528-4FAD-97F1-2453502E15CE}.Debug|x64.ActiveCfg = Debug|x64
		{3CDE352A-F528-4FAD-97F1-2453502E15CE}.Debug|x64.Build.0 = Debug|x64
		{3CDE352A-F528-4FAD-97F1-2453502E15CE}.Debug|x86.ActiveCfg = Debug|Win32
		{3CDE352A-F528-4FAD-97F1-2453502E15CE}.Debug|x86.Build.0 = Debug|Win32
		{3CDE352A-F528-4FAD-97F1-2453502E15CE}.Release|x64.ActiveCfg = Release|x64
		{3CDE352A-F528-4FAD-97F1-2453502E15CE}.Release|x64.Build.0 = Release|x64
		{3CDE352A-F528-4FAD-97F1-2453502E15CE}.Release|x86.ActiveCfg = Release|Win32
		{3CDE352A-F528-4FAD-97F1-2453502E15CE}.Release|x86.Build.0 = Release|Win32
		{68129A6C-AA1D-484F-9AE4-B7467F63AAA1}.Debug|x64.ActiveCfg = Debug|x64
		{68129A6C-AA1D-484F-9AE4-B7467F63AAA1}.Debug|x64.Build.0 = Debug|x64
		{68129A6C-AA1D-484F-9AE4-B7467F63AAA1}.Debug|x86.ActiveCfg = Debug|Win32
		{68129A6C-AA1D-484F-9AE4-B7467F63AAA1}.Debug|x86.Build.0 = Debug|Win32
		{68129A6C-AA1D-484F-9AE4-B7467F63AAA1}.Release|x64.ActiveCfg = Release|x64
		{68129A6C-AA1D-484F-9AE4-B7467F63AAA1}.Release|x64.Build.0 = Release|x64
		{68129A6C-AA1D-484F-9AE4-B7467F63AAA1}.Release|x86.ActiveCfg = Release|Win32
		{68129A6C-AA1D-484F-9AE4-B7467F63AAA1}.Release|x86.Build.0 = Release|Win32
		{6D948E6A-0F7C-4334-95BD-A1C13C05B9F6}.Debug|x64.ActiveCfg = Debug|x64
		{6D948E6A-0F7C-4334-95BD-A1C13C05B9F6}.Debug|x64.Build.0 = Debug|x64
		{6D948E6A-0F7C-4334-95BD-A1C13C05B9F6}.Debug|x86.ActiveCfg = Debug|Win32
		{6D948E6A-0F7C-4334-95BD-A1C13C05B9F6}.Debug|x86.Build.0 = Debug|Win32
		{6D948E6A-0F7C-4334-95BD-A1C13C05B9F6}.Release|x64.ActiveCfg = Release|x64
		{6D948E6A-0F7C-4334-95BD-A1C13C05B9F6}.Release|x64.Build.0 = Release|x64
		{6D948E6A-0F7C-4334-95BD-A1C13C05B9F6}.Release|x86.ActiveCfg = Release|Win32
		{6D948E6A-0F7C-4334-95BD-A1C13C05B9F6}.Release|x86.Build.0 = Release|Win32
		{FB5F1618-69BC-4790-A95B-ACF6C97E0D9C}.Debug|x64.ActiveCfg = Debug|x64
		{FB5F1618-69BC-4790-A95B-ACF6C97E0D9C}.Debug|x64.Build.0 = Debug|x64
		{FB5F1618-69BC-4790-A95B-ACF6C97E0D9C}.Debug|x86.ActiveCfg = Debug|Win32
		{FB5F1618-69BC-4790-A95B-ACF6C97E0D9C}.Debug|x86.Build.0 = Debug|Win32
		{FB5F1618-69BC-4790-A95B-ACF6C97E0D9C}.Release|x64.ActiveCfg = Release|x64
		{FB5F1618-69BC-4790-A95B-ACF6C97E0D9C}.Release|x64.Build.0 = Release|x64
		{FB5F1618-69BC-4790-A95B-ACF6C97E0D9C}.Release|x86.ActiveCfg = Release|Win32
		{FB5F1618-69BC-4790-A95B-ACF6C97E0D9C}.Release|x86.Build.0 = Release|Win32
		{40CBA7EA-4AF5-4B38-BD2B-7C893D805A0F}.Debug|x64.ActiveCfg = Debug|x64
		{40CBA7EA-4AF5-4B38-BD2B-7C893D805A0F}.Debug|x64.Build.0 = Debug|x64
		{40CBA7EA-4AF5-4B38-BD2B-7C893D805A0F}.Debug|x86.ActiveCfg = Debug|Win32
		{40CBA7EA-4AF5-4B38-BD2B-7C893D805A0F}.Debug|x86.Build.0 = Debug|Win32
		{40CBA7EA-4AF5-4B38-BD2B-7C893D805A0F}.Release|x64.ActiveCfg = Release|x64
		{40CBA7EA-4AF5-4B38-BD2B-7C893D805A0F}.Release|x64.Build.0 = Release|x64
		{40CBA7EA-4AF5-4B38-BD2B-7C893D805A0F}.Release|x86.ActiveCfg = Release|Win32
		{40CBA7EA-4AF5-4B38-BD2B-7C893D805A0F}.Release|x86.Build.0 = Release|Win32
		{28D9F2DA-F0CF-4BE6-8DF4-1BB43C448BCD}.Debug|x64.ActiveCfg = Debug|x64
		{28D9F2DA-F0CF-4BE6-8DF4-1BB43C448BCD}.Debug|x64.Build.0 = Debug|x64
		{28D9F2DA-F0CF-4BE6-8DF4-1BB43C448BCD}.Debug|x86.ActiveCfg = Debug|Win32
		{28D9F2DA-F0CF-4BE6-8DF4-1BB43C448BCD}.Debug|x86.Build.0 = Debug|Win32
		{28D9F2DA-F0CF-4BE6-8DF4-1BB43C448BCD}.Release|x64.ActiveCfg = Release|x64
		{28D9F2DA-F0CF-4BE6-8DF4-1BB43C448BCD}.Release|x64.Build.0 = Release|x64
		{28D9F2DA-F0CF-4BE6-8DF4-1BB43C448BCD}.Release|x86.ActiveCfg = Release|Win32
		{28D9F2DA-F0CF-4BE6-8DF4-1BB43C448BCD}.Release|x86.Build.0 = Release|Win32
		{F3EA71C1-01F1-4953-BCC0-2ED9AB7981A3}.Debug|x64.ActiveCfg = Debug|x64
		{F3EA71C1-01F1-4953-BCC0-2ED9AB7981A3}.Debug|x64.Build.0 = Debug|x64
		{F3EA71C1-01F1-4953-BCC0-2ED9AB7981A3}.Debug|x86.ActiveCfg = Debug|Win32
		{F3EA71C1-01F1-4953-BCC0-2ED9AB7981A3}.Debug|x86.Build.0 = Debug|Win32
		{F3EA71C1-01F1-4953-BCC0-2ED9AB7981A3}.Release|x64.ActiveCfg = Release|x64
		{F3EA71C1-01F1-4953-BCC0-2ED9AB7981A3}.Release|x64.Build.0 = Release|x64
		{F3EA71C1-01F1-4953-BCC0-2ED9AB7981A3}.Release|x86.ActiveCfg = Release|Win32
		{F3EA71C1-01F1-4953-BCC0-2ED9AB7981A3}.Release|x86.Build.0 = Release|Win32
		{7C685FAD-5646-4DE8-87E6-49BD62690A99}.Debug|x64.ActiveCfg = Debug|x64
		{7C685FAD-5646-4DE8-87E6-49BD62690A99}.Debug|x64.Build.0 = Debug|x64
		{7C685FAD-5646-4DE8-87E6-49BD62690A99}.Debug|x86.ActiveCfg = Debug|Win32
		{7C685FAD-5646-4DE8-87E6-49BD62690A99}.Debug|x86.Build.0 = Debug|Win32
		{7C685FAD-5646-4DE8-87E6-49BD62690A99}.Release|x64.ActiveCfg = Release|x64
		{7C685FAD-5646-4DE8-87E6-49BD62690A99}.Release|x64.Build.0 = Release|x64
		{7C685FAD-5646-4DE8-87E6-49BD62690A99}.Release|x86.ActiveCfg = Release|Win32
		{7C685FAD-5646-4DE8-87E6-49BD62690A99}.Release|x86.Build.0 = Release|Win32
		{0075C4E3-B5F4-413C-A935-A4F0CBEB1D19}.Debug|x64.ActiveCfg = Debug|x64
		{0075C4E3-B5F4-413C-A935-A4F0CBEB1D19}.Debug|x64.Build.0 = Debug|x64
		{0075C4E3-B5F4-413C-A935-A4F0CBEB1D19}.Debug|x86.ActiveCfg = Debug|Win32
		{0075C4E3-B5F4-413C-A935-A4F0CBEB1D19}.Debug|x86.Build.0 = Debug|Win32
		{0075C4E3-B5F4-413C-A935-A4F0CBEB1D19}.Release|x64.ActiveCfg = Release|x64
		{0075C4E3-B5F4-413C-A935-A4F0CBEB1D19}.Release|x64.Build.0 = Release|x64
		{0075C4E3-B5F4-413C-A935-A4F0CBEB1D19}.Release|x86.ActiveCfg = Release|Win32
		{0075C4E3-B5F4-413C-A935-A4F0CBEB1D19}.Release|x86.Build.0 = Release|Win32
		{122E5161-4384-4B94-AD54-64DBFA4FB6BA}.Debug|x64.ActiveCfg = Debug|x64
		{122E5161-4384-4B94-AD54-64DBFA4FB6BA}.Debug|x64.Build.0 = Debug|x64
		{122E5161-4384-4B94-AD54-64DBFA4FB6BA}.Debug|x86.ActiveCfg = Debug|Win32
		{122E5161-4384-4B94-AD54-64DBFA4FB6BA}.Debug|x86.Build.0 = Debug|Win32
		{122E5161-4384-4B94-AD54-64DBFA4FB6BA}.Release|x64.ActiveCfg = Release|x64
		{122E5161-4384-4B94-AD54-64DBFA4FB6BA}.Release|x64.Build.0 = Release|x64
		{122E5161-4384-4B94-AD54-64DBFA4FB6BA}.Release|x86.ActiveCfg = Release|Win32
		{122E5161-4384-4B94-AD54-64DBFA4FB6BA}.Release|x86.Build.0 = Release|Win32
		{42924C29-4768-4F89-9F87-B3E1C3DDB7C8}.Debug|x64.ActiveCfg = Debug|x64
		{42924C29-4768-4F89-9F87-B3E1C3DDB7C8}.Debug|x64.Build.0 = Debug|x64
		{42924C29-4768-4F89-9F87-B3E1C3DDB7C8}.Debug|x86.ActiveCfg = Debug|Win32
		{42924C29-4768-4F89-9F87-B3E1C3DDB7C8}.Debug|x86.Build.0 = Debug|Win32
		{42924C29-4768-4F89-9F87-B3E1C3DDB7C8}.Release|x64.ActiveCfg = Release|x64
		{42924C29-4768-4F89-9F87-B3E1C3DDB7C8}.Release|x64.Build.0 = Release|x64
		{42924C29-4768-4F89-9F87-B3E1C3DDB7C8}.Release|x86.ActiveCfg = Release|Win32
		{42924C29-4768-4F89-9F87-B3E1C3DDB7C8}.Release|x86.Build.0 = Release|Win32
		{882995EF-FC69-4E8A-A028-92EE6DB9669B}.Debug|x64.ActiveCfg = Debug|x64
		{882995EF-FC69-4E8A-A028-92EE6DB9669B}.Debug|x64.Build.0 = Debug|x64
		{882995EF-FC69-4E8A-A028-92EE6DB9669B}.Debug|x86.ActiveCfg = Debug|Win32
		{882995EF-FC69-4E8A-A028-92EE6DB9669B}.Debug|x86.Build.0 = Debug|Win32
		{882995EF-FC69-4E8A-A028-92EE6DB9669B}.Release|x64.ActiveCfg = Release|x64
		{882995EF-FC69-4E8A-A028-92EE6DB9669B}.Release|x64.Build.0 = Release|x64
		{882995EF-FC69-4E8A-A028-92EE6DB9669B}.Release|x86.ActiveCfg = Release|Win32
		{882995EF-FC69-4E8A-A028-92EE6DB9669B}.Release|x86.Build.0 = Release|Win32
		{F55CB1AA-2F00-4F69-9C93-803ED18009FF}.Debug|x64.ActiveCfg = Debug|x64
		{F55CB1AA-2F00-4F69-9C93-803ED18009FF}.Debug|x64.Build.0 = Debug|x64
		{F55CB1AA-2F00-4F69-9C93-803ED18009FF}.Debug|x86.ActiveCfg = Debug|Win32
		{F55CB1AA-2F00-4F69-9C93-803ED18009FF}.Debug|x86.Build.0 = Debug|Win32
		{F55CB1AA-2F00-4F69-9C93-803ED18009FF}.Release|x64.ActiveCfg = Release|x64
		{F55CB1AA-2F00-4F69-9C93-803ED18009FF}.Release|x64.Build.0 = Release|x64
		{F55CB1AA-2F00-4F69-9C93-803ED18009FF}.Release|x86.ActiveCfg = Release|Win32
		{F55CB1AA-2F00-4F69-9C93-803ED18009FF}.Release|x86.Build.0 = Release|Win32
		{28C63DAE-EC8D-46C2-9E0E-7E6B1C229BBF}.Debug|x64.ActiveCfg = Debug|x64
		{28C63DAE-EC8D-46C2-9E0E-7E6B1C229BBF}.Debug|x64.Build.0 = Debug|x64
		{28C63DAE-EC8D-46C2-9E0E-7E6B1C229BBF}.Debug|x86.ActiveCfg = Debug|Win32
		{28C63DAE-EC8D-46C2-9E0E-7E6B1C229BBF}.Debug|x86.Build.0 = Debug|Win32
		{28C63DAE-EC8D-46C2-9E0E-7E6B1C229BBF}.Release|x64.ActiveCfg = Release|x64
		{28C63DAE-EC8D-46C2-9E0E-7E6B1C229BBF}.Release|x64.Build.0 = Release|x64
		{28C63DAE-EC8D-46C2-9E0E-7E6B1C229BBF}.Release|x86.ActiveCfg = Release|Win32
		{28C63DAE-EC8D-46C2-9E0E-7E6B1C229BBF}.Release|x86.Build.0 = Release|Win32
		{6946A73E-6EDE-4679-BA95-79FF7203A1E5}.Debug|x64.ActiveCfg = Debug|x64
		{6946A73E-6EDE-4679-BA95-79FF7203A1E5}.Debug|x64.Build.0 = Debug|x64
		{6946A73E-6EDE-4679-BA95-79FF7203A1E5}.Debug|x86.ActiveCfg = Debug|Win32
		{6946A73E-6EDE-4679-BA95-79FF7203A1E5}.Debug|x86.Build.0 = Debug|Win32
		{6946A73E-6EDE-4679-BA95-79FF7203A1E5}.Release|x64.ActiveCfg = Release|x64
		{6946A73E-6EDE-4679-BA95-79FF7203A1E5}.Release|x64.Build.0 = Release|x64
		{6946A73E-6EDE-4679-BA95-79FF7203A1E5}.Release|x86.ActiveCfg = Release|Win32
		{6946A73E-6EDE-4679-BA95-79FF7203A1E5}.Release|x86.Build.0 = Release|Win32
	EndGlobalSection
	GlobalSection(SolutionProperties) = preSolution
		HideSolutionNode = FALSE
	EndGlobalSection
	GlobalSection(ExtensibilityGlobals) = postSolution
		SolutionGuid = {921A46B9-8911-48AE-9A64-FEB288BC8CB2}
	EndGlobalSection
EndGlobal
